
Microsoft Visual Studio Solution File, Format Version 12.00
# Visual Studio Version 16
VisualStudioVersion = 16.0.31409.214
MinimumVisualStudioVersion = 10.0.40219.1
Project("{9A19103F-16F7-4668-BE54-9A1E7A4F7556}") = "TaskTracker.API", "TaskTracker.API\TaskTracker.API.csproj", "{5BB548D4-CF21-42B4-8F06-BABC29CBB4CB}"
EndProject
Project("{9A19103F-16F7-4668-BE54-9A1E7A4F7556}") = "TaskTracker.Services", "TaskTracker.Service\TaskTracker.Services.csproj", "{8E5A50F5-9E06-4B17-AA7E-14062C960B51}"
EndProject
Project("{9A19103F-16F7-4668-BE54-9A1E7A4F7556}") = "TaskTracker.Database", "TaskTracker.Database\TaskTracker.Database.csproj", "{DA081A83-B1A8-4279-A762-229D310D40CE}"
EndProject
Project("{FAE04EC0-301F-11D3-BF4B-00C04F79EFBC}") = "TaskTracker.Test", "TaskTracker.Test\TaskTracker.Test.csproj", "{6C87F720-B4A8-4095-BAAD-012FFE53A3CE}"
EndProject
Global
	GlobalSection(SolutionConfigurationPlatforms) = preSolution
		Debug|Any CPU = Debug|Any CPU
		Release|Any CPU = Release|Any CPU
	EndGlobalSection
	GlobalSection(ProjectConfigurationPlatforms) = postSolution
		{5BB548D4-CF21-42B4-8F06-BABC29CBB4CB}.Debug|Any CPU.ActiveCfg = Debug|Any CPU
		{5BB548D4-CF21-42B4-8F06-BABC29CBB4CB}.Debug|Any CPU.Build.0 = Debug|Any CPU
		{5BB548D4-CF21-42B4-8F06-BABC29CBB4CB}.Release|Any CPU.ActiveCfg = Release|Any CPU
		{5BB548D4-CF21-42B4-8F06-BABC29CBB4CB}.Release|Any CPU.Build.0 = Release|Any CPU
		{8E5A50F5-9E06-4B17-AA7E-14062C960B51}.Debug|Any CPU.ActiveCfg = Debug|Any CPU
		{8E5A50F5-9E06-4B17-AA7E-14062C960B51}.Debug|Any CPU.Build.0 = Debug|Any CPU
		{8E5A50F5-9E06-4B17-AA7E-14062C960B51}.Release|Any CPU.ActiveCfg = Release|Any CPU
		{8E5A50F5-9E06-4B17-AA7E-14062C960B51}.Release|Any CPU.Build.0 = Release|Any CPU
		{DA081A83-B1A8-4279-A762-229D310D40CE}.Debug|Any CPU.ActiveCfg = Debug|Any CPU
		{DA081A83-B1A8-4279-A762-229D310D40CE}.Debug|Any CPU.Build.0 = Debug|Any CPU
		{DA081A83-B1A8-4279-A762-229D310D40CE}.Release|Any CPU.ActiveCfg = Release|Any CPU
		{DA081A83-B1A8-4279-A762-229D310D40CE}.Release|Any CPU.Build.0 = Release|Any CPU
		{6C87F720-B4A8-4095-BAAD-012FFE53A3CE}.Debug|Any CPU.ActiveCfg = Debug|Any CPU
		{6C87F720-B4A8-4095-BAAD-012FFE53A3CE}.Debug|Any CPU.Build.0 = Debug|Any CPU
		{6C87F720-B4A8-4095-BAAD-012FFE53A3CE}.Release|Any CPU.ActiveCfg = Release|Any CPU
		{6C87F720-B4A8-4095-BAAD-012FFE53A3CE}.Release|Any CPU.Build.0 = Release|Any CPU
	EndGlobalSection
	GlobalSection(SolutionProperties) = preSolution
		HideSolutionNode = FALSE
	EndGlobalSection
	GlobalSection(ExtensibilityGlobals) = postSolution
		SolutionGuid = {934BA71D-5B0D-45F7-A685-144E6EF5CDA5}
	EndGlobalSection
EndGlobal
